// !$*UTF8*$!
{
	archiveVersion = 1;
	classes = {
	};
	objectVersion = 46;
	objects = {

/* Begin PBXBuildFile section */
		DEE7A35B1E7E331100C2CEDC /* AppDelegate.swift in Sources */ = {isa = PBXBuildFile; fileRef = DEE7A35A1E7E331100C2CEDC /* AppDelegate.swift */; };
		DEE7A35D1E7E331100C2CEDC /* WeatherVC.swift in Sources */ = {isa = PBXBuildFile; fileRef = DEE7A35C1E7E331100C2CEDC /* WeatherVC.swift */; };
		DEE7A3601E7E331100C2CEDC /* Main.storyboard in Resources */ = {isa = PBXBuildFile; fileRef = DEE7A35E1E7E331100C2CEDC /* Main.storyboard */; };
		DEE7A3621E7E331100C2CEDC /* Assets.xcassets in Resources */ = {isa = PBXBuildFile; fileRef = DEE7A3611E7E331100C2CEDC /* Assets.xcassets */; };
		DEE7A3651E7E331100C2CEDC /* LaunchScreen.storyboard in Resources */ = {isa = PBXBuildFile; fileRef = DEE7A3631E7E331100C2CEDC /* LaunchScreen.storyboard */; };
		EE2D341E4071805E70C36222 /* Pods_RainyShine.framework in Frameworks */ = {isa = PBXBuildFile; fileRef = FD0AE4CD146A3322D15BCBEA /* Pods_RainyShine.framework */; };
/* End PBXBuildFile section */

/* Begin PBXFileReference section */
		927E46A071D070AC2C9E55E3 /* Pods-RainyShine.debug.xcconfig */ = {isa = PBXFileReference; includeInIndex = 1; lastKnownFileType = text.xcconfig; name = "Pods-RainyShine.debug.xcconfig"; path = "Pods/Target Support Files/Pods-RainyShine/Pods-RainyShine.debug.xcconfig"; sourceTree = "<group>"; };
		B128D80F582F72295D55F9D8 /* Pods-RainyShine.release.xcconfig */ = {isa = PBXFileReference; includeInIndex = 1; lastKnownFileType = text.xcconfig; name = "Pods-RainyShine.release.xcconfig"; path = "Pods/Target Support Files/Pods-RainyShine/Pods-RainyShine.release.xcconfig"; sourceTree = "<group>"; };
		DEE7A3571E7E331100C2CEDC /* RainyShine.app */ = {isa = PBXFileReference; explicitFileType = wrapper.application; includeInIndex = 0; path = RainyShine.app; sourceTree = BUILT_PRODUCTS_DIR; };
		DEE7A35A1E7E331100C2CEDC /* AppDelegate.swift */ = {isa = PBXFileReference; lastKnownFileType = sourcecode.swift; path = AppDelegate.swift; sourceTree = "<group>"; };
		DEE7A35C1E7E331100C2CEDC /* WeatherVC.swift */ = {isa = PBXFileReference; lastKnownFileType = sourcecode.swift; path = WeatherVC.swift; sourceTree = "<group>"; };
		DEE7A35F1E7E331100C2CEDC /* Base */ = {isa = PBXFileReference; lastKnownFileType = file.storyboard; name = Base; path = Base.lproj/Main.storyboard; sourceTree = "<group>"; };
		DEE7A3611E7E331100C2CEDC /* Assets.xcassets */ = {isa = PBXFileReference; lastKnownFileType = folder.assetcatalog; path = Assets.xcassets; sourceTree = "<group>"; };
		DEE7A3641E7E331100C2CEDC /* Base */ = {isa = PBXFileReference; lastKnownFileType = file.storyboard; name = Base; path = Base.lproj/LaunchScreen.storyboard; sourceTree = "<group>"; };
		DEE7A3661E7E331100C2CEDC /* Info.plist */ = {isa = PBXFileReference; lastKnownFileType = text.plist.xml; path = Info.plist; sourceTree = "<group>"; };
		FD0AE4CD146A3322D15BCBEA /* Pods_RainyShine.framework */ = {isa = PBXFileReference; explicitFileType = wrapper.framework; includeInIndex = 0; path = Pods_RainyShine.framework; sourceTree = BUILT_PRODUCTS_DIR; };
/* End PBXFileReference section */

/* Begin PBXFrameworksBuildPhase section */
		DEE7A3541E7E331100C2CEDC /* Frameworks */ = {
			isa = PBXFrameworksBuildPhase;
			buildActionMask = 2147483647;
			files = (
				EE2D341E4071805E70C36222 /* Pods_RainyShine.framework in Frameworks */,
			);
			runOnlyForDeploymentPostprocessing = 0;
		};
/* End PBXFrameworksBuildPhase section */

/* Begin PBXGroup section */
		40D74F67B7092B1B445A3B95 /* Pods */ = {
			isa = PBXGroup;
			children = (
				927E46A071D070AC2C9E55E3 /* Pods-RainyShine.debug.xcconfig */,
				B128D80F582F72295D55F9D8 /* Pods-RainyShine.release.xcconfig */,
			);
			name = Pods;
			sourceTree = "<group>";
		};
		4F4B6B982E69269EC9D72698 /* Frameworks */ = {
			isa = PBXGroup;
			children = (
				FD0AE4CD146A3322D15BCBEA /* Pods_RainyShine.framework */,
			);
			name = Frameworks;
			sourceTree = "<group>";
		};
		DEE7A34E1E7E331100C2CEDC = {
			isa = PBXGroup;
			children = (
				DEE7A3591E7E331100C2CEDC /* RainyShine */,
				DEE7A3581E7E331100C2CEDC /* Products */,
				40D74F67B7092B1B445A3B95 /* Pods */,
				4F4B6B982E69269EC9D72698 /* Frameworks */,
			);
			sourceTree = "<group>";
		};
		DEE7A3581E7E331100C2CEDC /* Products */ = {
			isa = PBXGroup;
			children = (
				DEE7A3571E7E331100C2CEDC /* RainyShine.app */,
			);
			name = Products;
			sourceTree = "<group>";
		};
		DEE7A3591E7E331100C2CEDC /* RainyShine */ = {
			isa = PBXGroup;
			children = (
				DEE7A35A1E7E331100C2CEDC /* AppDelegate.swift */,
				DEE7A35C1E7E331100C2CEDC /* WeatherVC.swift */,
				DEE7A35E1E7E331100C2CEDC /* Main.storyboard */,
				DEE7A3611E7E331100C2CEDC /* Assets.xcassets */,
				DEE7A3631E7E331100C2CEDC /* LaunchScreen.storyboard */,
				DEE7A3661E7E331100C2CEDC /* Info.plist */,
			);
			path = RainyShine;
			sourceTree = "<group>";
		};
/* End PBXGroup section */

/* Begin PBXNativeTarget section */
		DEE7A3561E7E331100C2CEDC /* RainyShine */ = {
			isa = PBXNativeTarget;
			buildConfigurationList = DEE7A3691E7E331100C2CEDC /* Build configuration list for PBXNativeTarget "RainyShine" */;
			buildPhases = (
				8EFC7A76838FE0BCF982F291 /* [CP] Check Pods Manifest.lock */,
				DEE7A3531E7E331100C2CEDC /* Sources */,
				DEE7A3541E7E331100C2CEDC /* Frameworks */,
				DEE7A3551E7E331100C2CEDC /* Resources */,
				0FA484149D8BE2DE345A35DE /* [CP] Embed Pods Frameworks */,
				F8080E1A6A490CC58CA6C6EE /* [CP] Copy Pods Resources */,
			);
			buildRules = (
			);
			dependencies = (
			);
			name = RainyShine;
			productName = RainyShine;
			productReference = DEE7A3571E7E331100C2CEDC /* RainyShine.app */;
			productType = "com.apple.product-type.application";
		};
/* End PBXNativeTarget section */

/* Begin PBXProject section */
		DEE7A34F1E7E331100C2CEDC /* Project object */ = {
			isa = PBXProject;
			attributes = {
				LastSwiftUpdateCheck = 0820;
				LastUpgradeCheck = 0820;
				ORGANIZATIONNAME = "Bettina Prophete";
				TargetAttributes = {
					DEE7A3561E7E331100C2CEDC = {
						CreatedOnToolsVersion = 8.2;
						DevelopmentTeam = PC6SC7E96K;
						LastSwiftMigration = 0820;
						ProvisioningStyle = Automatic;
					};
				};
			};
			buildConfigurationList = DEE7A3521E7E331100C2CEDC /* Build configuration list for PBXProject "RainyShine" */;
			compatibilityVersion = "Xcode 3.2";
			developmentRegion = English;
			hasScannedForEncodings = 0;
			knownRegions = (
				en,
				Base,
			);
			mainGroup = DEE7A34E1E7E331100C2CEDC;
			productRefGroup = DEE7A3581E7E331100C2CEDC /* Products */;
			projectDirPath = "";
			projectRoot = "";
			targets = (
				DEE7A3561E7E331100C2CEDC /* RainyShine */,
			);
		};
/* End PBXProject section */

/* Begin PBXResourcesBuildPhase section */
		DEE7A3551E7E331100C2CEDC /* Resources */ = {
			isa = PBXResourcesBuildPhase;
			buildActionMask = 2147483647;
			files = (
				DEE7A3651E7E331100C2CEDC /* LaunchScreen.storyboard in Resources */,
				DEE7A3621E7E331100C2CEDC /* Assets.xcassets in Resources */,
				DEE7A3601E7E331100C2CEDC /* Main.storyboard in Resources */,
			);
			runOnlyForDeploymentPostprocessing = 0;
		};
/* End PBXResourcesBuildPhase section */

/* Begin PBXShellScriptBuildPhase section */
		0FA484149D8BE2DE345A35DE /* [CP] Embed Pods Frameworks */ = {
			isa = PBXShellScriptBuildPhase;
			buildActionMask = 2147483647;
			files = (
			);
			inputPaths = (
			);
			name = "[CP] Embed Pods Frameworks";
			outputPaths = (
			);
			runOnlyForDeploymentPostprocessing = 0;
			shellPath = /bin/sh;
			shellScript = "\"${SRCROOT}/Pods/Target Support Files/Pods-RainyShine/Pods-RainyShine-frameworks.sh\"\n";
			showEnvVarsInLog = 0;
		};
		8EFC7A76838FE0BCF982F291 /* [CP] Check Pods Manifest.lock */ = {
			isa = PBXShellScriptBuildPhase;
			buildActionMask = 2147483647;
			files = (
			);
			inputPaths = (
			);
			name = "[CP] Check Pods Manifest.lock";
			outputPaths = (
			);
			runOnlyForDeploymentPostprocessing = 0;
			shellPath = /bin/sh;
			shellScript = "diff \"${PODS_ROOT}/../Podfile.lock\" \"${PODS_ROOT}/Manifest.lock\" > /dev/null\nif [[ $? != 0 ]] ; then\n    cat << EOM\nerror: The sandbox is not in sync with the Podfile.lock. Run 'pod install' or update your CocoaPods installation.\nEOM\n    exit 1\nfi\n";
			showEnvVarsInLog = 0;
		};
		F8080E1A6A490CC58CA6C6EE /* [CP] Copy Pods Resources */ = {
			isa = PBXShellScriptBuildPhase;
			buildActionMask = 2147483647;
			files = (
			);
			inputPaths = (
			);
			name = "[CP] Copy Pods Resources";
			outputPaths = (
			);
			runOnlyForDeploymentPostprocessing = 0;
			shellPath = /bin/sh;
			shellScript = "\"${SRCROOT}/Pods/Target Support Files/Pods-RainyShine/Pods-RainyShine-resources.sh\"\n";
			showEnvVarsInLog = 0;
		};
/* End PBXShellScriptBuildPhase section */

/* Begin PBXSourcesBuildPhase section */
		DEE7A3531E7E331100C2CEDC /* Sources */ = {
			isa = PBXSourcesBuildPhase;
			buildActionMask = 2147483647;
			files = (
				DEE7A35D1E7E331100C2CEDC /* WeatherVC.swift in Sources */,
				DEE7A35B1E7E331100C2CEDC /* AppDelegate.swift in Sources */,
			);
			runOnlyForDeploymentPostprocessing = 0;
		};
/* End PBXSourcesBuildPhase section */

/* Begin PBXVariantGroup section */
		DEE7A35E1E7E331100C2CEDC /* Main.storyboard */ = {
			isa = PBXVariantGroup;
			children = (
				DEE7A35F1E7E331100C2CEDC /* Base */,
			);
			name = Main.storyboard;
			sourceTree = "<group>";
		};
		DEE7A3631E7E331100C2CEDC /* LaunchScreen.storyboard */ = {
			isa = PBXVariantGroup;
			children = (
				DEE7A3641E7E331100C2CEDC /* Base */,
			);
			name = LaunchScreen.storyboard;
			sourceTree = "<group>";
		};
/* End PBXVariantGroup section */

/* Begin XCBuildConfiguration section */
		DEE7A3671E7E331100C2CEDC /* Debug */ = {
			isa = XCBuildConfiguration;
			buildSettings = {
				ALWAYS_SEARCH_USER_PATHS = NO;
				CLANG_ANALYZER_NONNULL = YES;
				CLANG_CXX_LANGUAGE_STANDARD = "gnu++0x";
				CLANG_CXX_LIBRARY = "libc++";
				CLANG_ENABLE_MODULES = YES;
				CLANG_ENABLE_OBJC_ARC = YES;
				CLANG_WARN_BOOL_CONVERSION = YES;
				CLANG_WARN_CONSTANT_CONVERSION = YES;
				CLANG_WARN_DIRECT_OBJC_ISA_USAGE = YES_ERROR;
				CLANG_WARN_DOCUMENTATION_COMMENTS = YES;
				CLANG_WARN_EMPTY_BODY = YES;
				CLANG_WARN_ENUM_CONVERSION = YES;
				CLANG_WARN_INFINITE_RECURSION = YES;
				CLANG_WARN_INT_CONVERSION = YES;
				CLANG_WARN_OBJC_ROOT_CLASS = YES_ERROR;
				CLANG_WARN_SUSPICIOUS_MOVE = YES;
				CLANG_WARN_UNREACHABLE_CODE = YES;
				CLANG_WARN__DUPLICATE_METHOD_MATCH = YES;
				"CODE_SIGN_IDENTITY[sdk=iphoneos*]" = "iPhone Developer";
				COPY_PHASE_STRIP = NO;
				DEBUG_INFORMATION_FORMAT = dwarf;
				ENABLE_STRICT_OBJC_MSGSEND = YES;
				ENABLE_TESTABILITY = YES;
				GCC_C_LANGUAGE_STANDARD = gnu99;
				GCC_DYNAMIC_NO_PIC = NO;
				GCC_NO_COMMON_BLOCKS = YES;
				GCC_OPTIMIZATION_LEVEL = 0;
				GCC_PREPROCESSOR_DEFINITIONS = (
					"DEBUG=1",
					"$(inherited)",
				);
				GCC_WARN_64_TO_32_BIT_CONVERSION = YES;
				GCC_WARN_ABOUT_RETURN_TYPE = YES_ERROR;
				GCC_WARN_UNDECLARED_SELECTOR = YES;
				GCC_WARN_UNINITIALIZED_AUTOS = YES_AGGRESSIVE;
				GCC_WARN_UNUSED_FUNCTION = YES;
				GCC_WARN_UNUSED_VARIABLE = YES;
				IPHONEOS_DEPLOYMENT_TARGET = 10.2;
				MTL_ENABLE_DEBUG_INFO = YES;
				ONLY_ACTIVE_ARCH = YES;
				SDKROOT = iphoneos;
				SWIFT_ACTIVE_COMPILATION_CONDITIONS = DEBUG;
				SWIFT_OPTIMIZATION_LEVEL = "-Onone";
				TARGETED_DEVICE_FAMILY = "1,2";
			};
			name = Debug;
		};
		DEE7A3681E7E331100C2CEDC /* Release */ = {
			isa = XCBuildConfiguration;
			buildSettings = {
				ALWAYS_SEARCH_USER_PATHS = NO;
				CLANG_ANALYZER_NONNULL = YES;
				CLANG_CXX_LANGUAGE_STANDARD = "gnu++0x";
				CLANG_CXX_LIBRARY = "libc++";
				CLANG_ENABLE_MODULES = YES;
				CLANG_ENABLE_OBJC_ARC = YES;
				CLANG_WARN_BOOL_CONVERSION = YES;
				CLANG_WARN_CONSTANT_CONVERSION = YES;
				CLANG_WARN_DIRECT_OBJC_ISA_USAGE = YES_ERROR;
				CLANG_WARN_DOCUMENTATION_COMMENTS = YES;
				CLANG_WARN_EMPTY_BODY = YES;
				CLANG_WARN_ENUM_CONVERSION = YES;
				CLANG_WARN_INFINITE_RECURSION = YES;
				CLANG_WARN_INT_CONVERSION = YES;
				CLANG_WARN_OBJC_ROOT_CLASS = YES_ERROR;
				CLANG_WARN_SUSPICIOUS_MOVE = YES;
				CLANG_WARN_UNREACHABLE_CODE = YES;
				CLANG_WARN__DUPLICATE_METHOD_MATCH = YES;
				"CODE_SIGN_IDENTITY[sdk=iphoneos*]" = "iPhone Developer";
				COPY_PHASE_STRIP = NO;
				DEBUG_INFORMATION_FORMAT = "dwarf-with-dsym";
				ENABLE_NS_ASSERTIONS = NO;
				ENABLE_STRICT_OBJC_MSGSEND = YES;
				GCC_C_LANGUAGE_STANDARD = gnu99;
				GCC_NO_COMMON_BLOCKS = YES;
				GCC_WARN_64_TO_32_BIT_CONVERSION = YES;
				GCC_WARN_ABOUT_RETURN_TYPE = YES_ERROR;
				GCC_WARN_UNDECLARED_SELECTOR = YES;
				GCC_WARN_UNINITIALIZED_AUTOS = YES_AGGRESSIVE;
				GCC_WARN_UNUSED_FUNCTION = YES;
				GCC_WARN_UNUSED_VARIABLE = YES;
				IPHONEOS_DEPLOYMENT_TARGET = 10.2;
				MTL_ENABLE_DEBUG_INFO = NO;
				SDKROOT = iphoneos;
				SWIFT_OPTIMIZATION_LEVEL = "-Owholemodule";
				TARGETED_DEVICE_FAMILY = "1,2";
				VALIDATE_PRODUCT = YES;
			};
			name = Release;
		};
		DEE7A36A1E7E331100C2CEDC /* Debug */ = {
			isa = XCBuildConfiguration;
			baseConfigurationReference = 927E46A071D070AC2C9E55E3 /* Pods-RainyShine.debug.xcconfig */;
			buildSettings = {
				ASSETCATALOG_COMPILER_APPICON_NAME = AppIcon;
				DEVELOPMENT_TEAM = PC6SC7E96K;
				INFOPLIST_FILE = RainyShine/Info.plist;
				LD_RUNPATH_SEARCH_PATHS = "$(inherited) @executable_path/Frameworks";
				PRODUCT_BUNDLE_IDENTIFIER = BP.RainyShine;
				PRODUCT_NAME = "$(TARGET_NAME)";
				SWIFT_VERSION = 3.0;
			};
			name = Debug;
		};
		DEE7A36B1E7E331100C2CEDC /* Release */ = {
			isa = XCBuildConfiguration;
			baseConfigurationReference = B128D80F582F72295D55F9D8 /* Pods-RainyShine.release.xcconfig */;
			buildSettings = {
				ASSETCATALOG_COMPILER_APPICON_NAME = AppIcon;
				DEVELOPMENT_TEAM = PC6SC7E96K;
				INFOPLIST_FILE = RainyShine/Info.plist;
				LD_RUNPATH_SEARCH_PATHS = "$(inherited) @executable_path/Frameworks";
				PRODUCT_BUNDLE_IDENTIFIER = BP.RainyShine;
				PRODUCT_NAME = "$(TARGET_NAME)";
				SWIFT_VERSION = 3.0;
			};
			name = Release;
		};
/* End XCBuildConfiguration section */

/* Begin XCConfigurationList section */
		DEE7A3521E7E331100C2CEDC /* Build configuration list for PBXProject "RainyShine" */ = {
			isa = XCConfigurationList;
			buildConfigurations = (
				DEE7A3671E7E331100C2CEDC /* Debug */,
				DEE7A3681E7E331100C2CEDC /* Release */,
			);
			defaultConfigurationIsVisible = 0;
			defaultConfigurationName = Release;
		};
		DEE7A3691E7E331100C2CEDC /* Build configuration list for PBXNativeTarget "RainyShine" */ = {
			isa = XCConfigurationList;
			buildConfigurations = (
				DEE7A36A1E7E331100C2CEDC /* Debug */,
				DEE7A36B1E7E331100C2CEDC /* Release */,
			);
			defaultConfigurationIsVisible = 0;
			defaultConfigurationName = Release;
		};
/* End XCConfigurationList section */
	};
	rootObject = DEE7A34F1E7E331100C2CEDC /* Project object */;
}
